git.tcp.direct/kayos/common v0.9.2 h1:T7XzvmtPTmhXMTIb8v5W7a4DAV8ekusRkCe1WJ/qGBY=
git.tcp.direct/kayos/common v0.9.2/go.mod h1:rMExTem3JjB5XrwL+i+/QBv3agRFB8mdsoQ97wzBa+8=
github.com/patrickmn/go-cache v2.1.0+incompatible h1:HRMgzkcYKYpi3C8ajMPV8OFXaaRUnok+kx1WdO15EQc=
github.com/patrickmn/go-cache v2.1.0+incompatible/go.mod h1:3Qf8kWWT7OJRJbdiICTKqZju1ZixQ/KpMGzzAfe6+WQ=
golang.org/x/exp v0.0.0-20231006140011-7918f672742d h1:jtJma62tbqLibJ5sFQz8bKtEM8rJBtfilJ2qTU199MI=
golang.org/x/exp v0.0.0-20231006140011-7918f672742d/go.mod h1:ldy0pHrwJyGW56pPQzzkH36rKxoZW1tw7ZJpeKx+hdo=
