git.tcp.direct/kayos/common v0.5.5 h1:ZLM7Q82acnSQmrWSQ98W4EKaszsf9JUYIsZgVr8V5ME=
git.tcp.direct/kayos/common v0.5.5/go.mod h1:jG1yXbN+5PrRZwGe32qIGWgLC4x5JWdyNBbMj1gIWB0=
github.com/patrickmn/go-cache v2.1.0+incompatible h1:HRMgzkcYKYpi3C8ajMPV8OFXaaRUnok+kx1WdO15EQc=
github.com/patrickmn/go-cache v2.1.0+incompatible/go.mod h1:3Qf8kWWT7OJRJbdiICTKqZju1ZixQ/KpMGzzAfe6+WQ=
github.com/yunginnanet/Rate5 v0.4.4 h1:NkQcBK6wD9RQ6AQ/rv+Cp4LasZlB38AkHnrN3X3tHF8=
github.com/yunginnanet/Rate5 v0.4.4/go.mod h1:aaaV1FLFmdBk1AD7uGQF53hgfPQg9yfBmIfDxtJuYZs=
nullprogram.com/x/rng v1.1.0 h1:SMU7DHaQSWtKJNTpNFIFt8Wd/KSmOuSDPXrMFp/UMro=
nullprogram.com/x/rng v1.1.0/go.mod h1:glGw6V87vyfawxCzqOABL3WfL95G65az9Z2JZCylCkg=
